
Microsoft Visual Studio Solution File, Format Version 12.00
# Visual Studio Version 16
VisualStudioVersion = 16.0.30128.74
MinimumVisualStudioVersion = 10.0.40219.1
Project("{FAE04EC0-301F-11D3-BF4B-00C04F79EFBC}") = "Codility07.4", "Codility07.4\Codility07.4.csproj", "{042F64AD-19F5-487C-865D-092D65A5AF8C}"
EndProject
Global
	GlobalSection(SolutionConfigurationPlatforms) = preSolution
		Debug|Any CPU = Debug|Any CPU
		Release|Any CPU = Release|Any CPU
	EndGlobalSection
	GlobalSection(ProjectConfigurationPlatforms) = postSolution
		{042F64AD-19F5-487C-865D-092D65A5AF8C}.Debug|Any CPU.ActiveCfg = Debug|Any CPU
		{042F64AD-19F5-487C-865D-092D65A5AF8C}.Debug|Any CPU.Build.0 = Debug|Any CPU
		{042F64AD-19F5-487C-865D-092D65A5AF8C}.Release|Any CPU.ActiveCfg = Release|Any CPU
		{042F64AD-19F5-487C-865D-092D65A5AF8C}.Release|Any CPU.Build.0 = Release|Any CPU
	EndGlobalSection
	GlobalSection(SolutionProperties) = preSolution
		HideSolutionNode = FALSE
	EndGlobalSection
	GlobalSection(ExtensibilityGlobals) = postSolution
		SolutionGuid = {74488D4A-62F8-49BE-B831-31325D928F29}
	EndGlobalSection
EndGlobal
